# This file is automatically @generated by Cargo.
# It is not intended for manual editing.
version = 4

[[package]]
name = "codebox-boxd"
version = "0.0.0"

[[package]]
name = "codebox-cli"
version = "0.0.0"

[[package]]
name = "codebox-control-plane"
version = "0.0.0"

[[package]]
name = "codebox-node-agent"
version = "0.0.0"
